
Microsoft Visual Studio Solution File, Format Version 12.00
# Visual Studio Version 17
VisualStudioVersion = 17.1.32414.318
MinimumVisualStudioVersion = 10.0.40219.1
Project("{FAE04EC0-301F-11D3-BF4B-00C04F79EFBC}") = "SlackClone", "SlackClone\SlackClone.csproj", "{B5CD8F49-3D86-4F71-A36E-DFBE4DFB2463}"
EndProject
Global
	GlobalSection(SolutionConfigurationPlatforms) = preSolution
		Debug|Any CPU = Debug|Any CPU
		Release|Any CPU = Release|Any CPU
	EndGlobalSection
	GlobalSection(ProjectConfigurationPlatforms) = postSolution
		{B5CD8F49-3D86-4F71-A36E-DFBE4DFB2463}.Debug|Any CPU.ActiveCfg = Debug|Any CPU
		{B5CD8F49-3D86-4F71-A36E-DFBE4DFB2463}.Debug|Any CPU.Build.0 = Debug|Any CPU
		{B5CD8F49-3D86-4F71-A36E-DFBE4DFB2463}.Release|Any CPU.ActiveCfg = Release|Any CPU
		{B5CD8F49-3D86-4F71-A36E-DFBE4DFB2463}.Release|Any CPU.Build.0 = Release|Any CPU
	EndGlobalSection
	GlobalSection(SolutionProperties) = preSolution
		HideSolutionNode = FALSE
	EndGlobalSection
	GlobalSection(ExtensibilityGlobals) = postSolution
		SolutionGuid = {61411564-2D57-4710-94F3-3FF9087E406F}
	EndGlobalSection
EndGlobal
